
Microsoft Visual Studio Solution File, Format Version 12.00
# Visual Studio 15
VisualStudioVersion = 15.0.26020.0
MinimumVisualStudioVersion = 10.0.40219.1
Project("{2150E333-8FDC-42A3-9474-1A3956D46DE8}") = "src", "src", "{A335AA39-10A9-4269-ADDC-780022AE1C16}"
EndProject
Project("{2150E333-8FDC-42A3-9474-1A3956D46DE8}") = "misc", "misc", "{F6EAB599-01E6-45F4-96AC-717DF1E5D1BF}"
	ProjectSection(SolutionItems) = preProject
		Directory.build.project.props = Directory.build.project.props
		Directory.build.props = Directory.build.props
		Directory.build.shared.explicit.props = Directory.build.shared.explicit.props
		Directory.build.shared.implicit.props = Directory.build.shared.implicit.props
		Directory.build.targets = Directory.build.targets
		GlobalSuppressions.cs = GlobalSuppressions.cs
		nuget.config = nuget.config
		Orc.Feedback.sln.DotSettings = Orc.Feedback.sln.DotSettings
		SolutionAssemblyInfo.cs = SolutionAssemblyInfo.cs
	EndProjectSection
EndProject
Project("{2150E333-8FDC-42A3-9474-1A3956D46DE8}") = "Core", "Core", "{10DC71AC-DAB6-446C-A000-10858AB5887C}"
EndProject
Project("{2150E333-8FDC-42A3-9474-1A3956D46DE8}") = "Tests", "Tests", "{F7AD6F75-1AB2-452D-8E9A-679C60A4E3F9}"
EndProject
Project("{9A19103F-16F7-4668-BE54-9A1E7A4F7556}") = "Orc.Feedback", "Orc.Feedback\Orc.Feedback.csproj", "{44843B7E-CD21-47F9-8ECF-2A7C01A899BA}"
EndProject
Project("{9A19103F-16F7-4668-BE54-9A1E7A4F7556}") = "Orc.Feedback.Tests", "Orc.Feedback.Tests\Orc.Feedback.Tests.csproj", "{B8611843-54B0-468E-9352-154B5B501DEA}"
EndProject
Global
	GlobalSection(SolutionConfigurationPlatforms) = preSolution
		Debug|Any CPU = Debug|Any CPU
		Release|Any CPU = Release|Any CPU
	EndGlobalSection
	GlobalSection(ProjectConfigurationPlatforms) = postSolution
		{44843B7E-CD21-47F9-8ECF-2A7C01A899BA}.Debug|Any CPU.ActiveCfg = Debug|Any CPU
		{44843B7E-CD21-47F9-8ECF-2A7C01A899BA}.Debug|Any CPU.Build.0 = Debug|Any CPU
		{44843B7E-CD21-47F9-8ECF-2A7C01A899BA}.Release|Any CPU.ActiveCfg = Release|Any CPU
		{44843B7E-CD21-47F9-8ECF-2A7C01A899BA}.Release|Any CPU.Build.0 = Release|Any CPU
		{B8611843-54B0-468E-9352-154B5B501DEA}.Debug|Any CPU.ActiveCfg = Debug|Any CPU
		{B8611843-54B0-468E-9352-154B5B501DEA}.Debug|Any CPU.Build.0 = Debug|Any CPU
		{B8611843-54B0-468E-9352-154B5B501DEA}.Release|Any CPU.ActiveCfg = Release|Any CPU
		{B8611843-54B0-468E-9352-154B5B501DEA}.Release|Any CPU.Build.0 = Release|Any CPU
	EndGlobalSection
	GlobalSection(SolutionProperties) = preSolution
		HideSolutionNode = FALSE
	EndGlobalSection
	GlobalSection(NestedProjects) = preSolution
		{10DC71AC-DAB6-446C-A000-10858AB5887C} = {A335AA39-10A9-4269-ADDC-780022AE1C16}
		{F7AD6F75-1AB2-452D-8E9A-679C60A4E3F9} = {A335AA39-10A9-4269-ADDC-780022AE1C16}
		{44843B7E-CD21-47F9-8ECF-2A7C01A899BA} = {10DC71AC-DAB6-446C-A000-10858AB5887C}
		{B8611843-54B0-468E-9352-154B5B501DEA} = {F7AD6F75-1AB2-452D-8E9A-679C60A4E3F9}
	EndGlobalSection
	GlobalSection(ExtensibilityGlobals) = postSolution
		SolutionGuid = {8D281E2C-D7D7-46CC-95B7-ED9EBF812E9D}
	EndGlobalSection
EndGlobal
